
Microsoft Visual Studio Solution File, Format Version 12.00
# Visual Studio Version 16
VisualStudioVersion = 16.0.31205.134
MinimumVisualStudioVersion = 10.0.40219.1
Project("{FAE04EC0-301F-11D3-BF4B-00C04F79EFBC}") = "FileSync", "FileSync\FileSync.csproj", "{CCFF7FFD-3327-4F50-BA38-8A8630FA80AE}"
EndProject
Global
	GlobalSection(SolutionConfigurationPlatforms) = preSolution
		Debug|Any CPU = Debug|Any CPU
		Release|Any CPU = Release|Any CPU
	EndGlobalSection
	GlobalSection(ProjectConfigurationPlatforms) = postSolution
		{CCFF7FFD-3327-4F50-BA38-8A8630FA80AE}.Debug|Any CPU.ActiveCfg = Debug|Any CPU
		{CCFF7FFD-3327-4F50-BA38-8A8630FA80AE}.Debug|Any CPU.Build.0 = Debug|Any CPU
		{CCFF7FFD-3327-4F50-BA38-8A8630FA80AE}.Release|Any CPU.ActiveCfg = Release|Any CPU
		{CCFF7FFD-3327-4F50-BA38-8A8630FA80AE}.Release|Any CPU.Build.0 = Release|Any CPU
	EndGlobalSection
	GlobalSection(SolutionProperties) = preSolution
		HideSolutionNode = FALSE
	EndGlobalSection
	GlobalSection(ExtensibilityGlobals) = postSolution
		SolutionGuid = {02A71451-5061-49D7-8A89-DEC0DD9B9DCF}
	EndGlobalSection
EndGlobal
